
Microsoft Visual Studio Solution File, Format Version 12.00
# Visual Studio Version 16
VisualStudioVersion = 16.0.31702.278
MinimumVisualStudioVersion = 10.0.40219.1
Project("{FAE04EC0-301F-11D3-BF4B-00C04F79EFBC}") = "Day", "Day\Day.csproj", "{766C1A9D-ED71-4C6B-BD7C-D2263C08A780}"
EndProject
Global
	GlobalSection(SolutionConfigurationPlatforms) = preSolution
		Debug|Any CPU = Debug|Any CPU
		Release|Any CPU = Release|Any CPU
	EndGlobalSection
	GlobalSection(ProjectConfigurationPlatforms) = postSolution
		{766C1A9D-ED71-4C6B-BD7C-D2263C08A780}.Debug|Any CPU.ActiveCfg = Debug|Any CPU
		{766C1A9D-ED71-4C6B-BD7C-D2263C08A780}.Debug|Any CPU.Build.0 = Debug|Any CPU
		{766C1A9D-ED71-4C6B-BD7C-D2263C08A780}.Release|Any CPU.ActiveCfg = Release|Any CPU
		{766C1A9D-ED71-4C6B-BD7C-D2263C08A780}.Release|Any CPU.Build.0 = Release|Any CPU
	EndGlobalSection
	GlobalSection(SolutionProperties) = preSolution
		HideSolutionNode = FALSE
	EndGlobalSection
	GlobalSection(ExtensibilityGlobals) = postSolution
		SolutionGuid = {1EB4C3EC-F672-4FC5-9D31-65E31308BCB8}
	EndGlobalSection
EndGlobal
